
Microsoft Visual Studio Solution File, Format Version 12.00
# Visual Studio 2013
VisualStudioVersion = 12.0.30501.0
MinimumVisualStudioVersion = 10.0.40219.1
Project("{FAE04EC0-301F-11D3-BF4B-00C04F79EFBC}") = "E-xam-test", "E-xam-test\E-xam-test.csproj", "{464A9B72-67FA-4FFA-A254-8B86851CDDE2}"
EndProject
Project("{FAE04EC0-301F-11D3-BF4B-00C04F79EFBC}") = "E-xam-test.Tests", "E-xam-test.Tests\E-xam-test.Tests.csproj", "{11ECBF35-567E-40AD-AD55-F3388571048A}"
EndProject
Global
	GlobalSection(SolutionConfigurationPlatforms) = preSolution
		Debug|Any CPU = Debug|Any CPU
		Release|Any CPU = Release|Any CPU
	EndGlobalSection
	GlobalSection(ProjectConfigurationPlatforms) = postSolution
		{464A9B72-67FA-4FFA-A254-8B86851CDDE2}.Debug|Any CPU.ActiveCfg = Debug|Any CPU
		{464A9B72-67FA-4FFA-A254-8B86851CDDE2}.Debug|Any CPU.Build.0 = Debug|Any CPU
		{464A9B72-67FA-4FFA-A254-8B86851CDDE2}.Release|Any CPU.ActiveCfg = Release|Any CPU
		{464A9B72-67FA-4FFA-A254-8B86851CDDE2}.Release|Any CPU.Build.0 = Release|Any CPU
		{11ECBF35-567E-40AD-AD55-F3388571048A}.Debug|Any CPU.ActiveCfg = Debug|Any CPU
		{11ECBF35-567E-40AD-AD55-F3388571048A}.Debug|Any CPU.Build.0 = Debug|Any CPU
		{11ECBF35-567E-40AD-AD55-F3388571048A}.Release|Any CPU.ActiveCfg = Release|Any CPU
		{11ECBF35-567E-40AD-AD55-F3388571048A}.Release|Any CPU.Build.0 = Release|Any CPU
	EndGlobalSection
	GlobalSection(SolutionProperties) = preSolution
		HideSolutionNode = FALSE
	EndGlobalSection
EndGlobal
