
Microsoft Visual Studio Solution File, Format Version 12.00
# Visual Studio 2013
VisualStudioVersion = 12.0.31101.0
MinimumVisualStudioVersion = 10.0.40219.1
Project("{FAE04EC0-301F-11D3-BF4B-00C04F79EFBC}") = "E-xam.MVCWebUI", "E-xam-test\E-xam.MVCWebUI.csproj", "{464A9B72-67FA-4FFA-A254-8B86851CDDE2}"
EndProject
Project("{FAE04EC0-301F-11D3-BF4B-00C04F79EFBC}") = "E-xam.Tests", "E-xam-test.Tests\E-xam.Tests.csproj", "{11ECBF35-567E-40AD-AD55-F3388571048A}"
EndProject
Project("{2150E333-8FDC-42A3-9474-1A3956D46DE8}") = "Resources", "Resources", "{2300735B-2BE0-4737-B9F3-DFA85C9D0CD0}"
EndProject
Project("{FAE04EC0-301F-11D3-BF4B-00C04F79EFBC}") = "UserDomain.Resources", "UserDomain.Resources\UserDomain.Resources.csproj", "{32076883-A3BD-4191-9324-13BC5A31F933}"
EndProject
Project("{2150E333-8FDC-42A3-9474-1A3956D46DE8}") = "UserInterface", "UserInterface", "{371362FC-068F-4C30-8981-60F8C0E43BDC}"
EndProject
Project("{2150E333-8FDC-42A3-9474-1A3956D46DE8}") = "Tests", "Tests", "{0259CE3D-1A1F-4468-AFC8-ED34A44AF032}"
EndProject
Project("{FAE04EC0-301F-11D3-BF4B-00C04F79EFBC}") = "ExamDomain.Resources", "ExamDomain.Resources\ExamDomain.Resources.csproj", "{9ED39E37-DF03-45E6-B57C-CFA11044F496}"
EndProject
Project("{FAE04EC0-301F-11D3-BF4B-00C04F79EFBC}") = "UserDomain.Model", "Domain\UserDomain.Model.csproj", "{0B144A9C-7F39-4EA2-B904-C822004A4FBA}"
EndProject
Project("{FAE04EC0-301F-11D3-BF4B-00C04F79EFBC}") = "ExamDomain.Model", "ExamDomain\ExamDomain.Model.csproj", "{5D070A02-7D7E-4908-896B-0350DBAA547C}"
EndProject
Project("{FAE04EC0-301F-11D3-BF4B-00C04F79EFBC}") = "ExamDomain.Repository", "ExamDomain.Infrastructure\ExamDomain.Repository.csproj", "{7A65DA24-77B8-447B-924D-DDCE52A04D09}"
EndProject
Project("{FAE04EC0-301F-11D3-BF4B-00C04F79EFBC}") = "UserDomain.Repository", "UserDomain.Infrastructure\UserDomain.Repository.csproj", "{B8718247-61E8-4804-8430-A18E84C02BD7}"
EndProject
Project("{FAE04EC0-301F-11D3-BF4B-00C04F79EFBC}") = "ExamMVCWebUI.Controllers", "MVCWebUI.Controllers\ExamMVCWebUI.Controllers.csproj", "{D4134163-7A5A-4836-A7B8-9C43DA2952F7}"
EndProject
Project("{2150E333-8FDC-42A3-9474-1A3956D46DE8}") = "Domain", "Domain", "{7576EA01-545F-49FB-AC6B-B6162E0AA65E}"
EndProject
Project("{2150E333-8FDC-42A3-9474-1A3956D46DE8}") = "Infrastructure", "Infrastructure", "{D957999B-6478-474A-8B3E-D74F130B692B}"
EndProject
Project("{2150E333-8FDC-42A3-9474-1A3956D46DE8}") = "UserInterface", "UserInterface", "{A3B5480A-8075-414E-965E-755862BE01D0}"
EndProject
Project("{2150E333-8FDC-42A3-9474-1A3956D46DE8}") = "Domain", "Domain", "{0D31B0F2-D2A9-4AED-BBC9-9992889E5AB9}"
EndProject
Project("{2150E333-8FDC-42A3-9474-1A3956D46DE8}") = "Infrastructure", "Infrastructure", "{F1394F43-6125-4004-8080-A8F28FB30C64}"
EndProject
Project("{2150E333-8FDC-42A3-9474-1A3956D46DE8}") = "Repositories", "Repositories", "{5CCD03DF-F693-492C-9DDF-5C431C69A07F}"
EndProject
Project("{2150E333-8FDC-42A3-9474-1A3956D46DE8}") = "Functional", "Functional", "{40A04389-5807-4BB2-95FC-3D79FA72022B}"
EndProject
Project("{2150E333-8FDC-42A3-9474-1A3956D46DE8}") = "Integration", "Integration", "{3B7DC79A-A70D-4C55-9926-1422A2704932}"
EndProject
Project("{2150E333-8FDC-42A3-9474-1A3956D46DE8}") = "Utils", "Utils", "{0C2BC1D2-9487-4B8B-87C7-973B1CBEBBF2}"
EndProject
Project("{2150E333-8FDC-42A3-9474-1A3956D46DE8}") = "Authorization", "Authorization", "{D1B16FE7-62D0-41F0-AAA5-030D221BB65A}"
EndProject
Project("{2150E333-8FDC-42A3-9474-1A3956D46DE8}") = "Exceptions", "Exceptions", "{BA03E7FF-539C-480A-8DCA-15875E1FFE9C}"
EndProject
Global
	GlobalSection(SolutionConfigurationPlatforms) = preSolution
		Debug|Any CPU = Debug|Any CPU
		Release|Any CPU = Release|Any CPU
	EndGlobalSection
	GlobalSection(ProjectConfigurationPlatforms) = postSolution
		{464A9B72-67FA-4FFA-A254-8B86851CDDE2}.Debug|Any CPU.ActiveCfg = Debug|Any CPU
		{464A9B72-67FA-4FFA-A254-8B86851CDDE2}.Debug|Any CPU.Build.0 = Debug|Any CPU
		{464A9B72-67FA-4FFA-A254-8B86851CDDE2}.Release|Any CPU.ActiveCfg = Release|Any CPU
		{464A9B72-67FA-4FFA-A254-8B86851CDDE2}.Release|Any CPU.Build.0 = Release|Any CPU
		{11ECBF35-567E-40AD-AD55-F3388571048A}.Debug|Any CPU.ActiveCfg = Debug|Any CPU
		{11ECBF35-567E-40AD-AD55-F3388571048A}.Debug|Any CPU.Build.0 = Debug|Any CPU
		{11ECBF35-567E-40AD-AD55-F3388571048A}.Release|Any CPU.ActiveCfg = Release|Any CPU
		{11ECBF35-567E-40AD-AD55-F3388571048A}.Release|Any CPU.Build.0 = Release|Any CPU
		{32076883-A3BD-4191-9324-13BC5A31F933}.Debug|Any CPU.ActiveCfg = Debug|Any CPU
		{32076883-A3BD-4191-9324-13BC5A31F933}.Debug|Any CPU.Build.0 = Debug|Any CPU
		{32076883-A3BD-4191-9324-13BC5A31F933}.Release|Any CPU.ActiveCfg = Release|Any CPU
		{32076883-A3BD-4191-9324-13BC5A31F933}.Release|Any CPU.Build.0 = Release|Any CPU
		{9ED39E37-DF03-45E6-B57C-CFA11044F496}.Debug|Any CPU.ActiveCfg = Debug|Any CPU
		{9ED39E37-DF03-45E6-B57C-CFA11044F496}.Debug|Any CPU.Build.0 = Debug|Any CPU
		{9ED39E37-DF03-45E6-B57C-CFA11044F496}.Release|Any CPU.ActiveCfg = Release|Any CPU
		{9ED39E37-DF03-45E6-B57C-CFA11044F496}.Release|Any CPU.Build.0 = Release|Any CPU
		{0B144A9C-7F39-4EA2-B904-C822004A4FBA}.Debug|Any CPU.ActiveCfg = Debug|Any CPU
		{0B144A9C-7F39-4EA2-B904-C822004A4FBA}.Debug|Any CPU.Build.0 = Debug|Any CPU
		{0B144A9C-7F39-4EA2-B904-C822004A4FBA}.Release|Any CPU.ActiveCfg = Release|Any CPU
		{0B144A9C-7F39-4EA2-B904-C822004A4FBA}.Release|Any CPU.Build.0 = Release|Any CPU
		{5D070A02-7D7E-4908-896B-0350DBAA547C}.Debug|Any CPU.ActiveCfg = Debug|Any CPU
		{5D070A02-7D7E-4908-896B-0350DBAA547C}.Debug|Any CPU.Build.0 = Debug|Any CPU
		{5D070A02-7D7E-4908-896B-0350DBAA547C}.Release|Any CPU.ActiveCfg = Release|Any CPU
		{5D070A02-7D7E-4908-896B-0350DBAA547C}.Release|Any CPU.Build.0 = Release|Any CPU
		{7A65DA24-77B8-447B-924D-DDCE52A04D09}.Debug|Any CPU.ActiveCfg = Debug|Any CPU
		{7A65DA24-77B8-447B-924D-DDCE52A04D09}.Debug|Any CPU.Build.0 = Debug|Any CPU
		{7A65DA24-77B8-447B-924D-DDCE52A04D09}.Release|Any CPU.ActiveCfg = Release|Any CPU
		{7A65DA24-77B8-447B-924D-DDCE52A04D09}.Release|Any CPU.Build.0 = Release|Any CPU
		{B8718247-61E8-4804-8430-A18E84C02BD7}.Debug|Any CPU.ActiveCfg = Debug|Any CPU
		{B8718247-61E8-4804-8430-A18E84C02BD7}.Debug|Any CPU.Build.0 = Debug|Any CPU
		{B8718247-61E8-4804-8430-A18E84C02BD7}.Release|Any CPU.ActiveCfg = Release|Any CPU
		{B8718247-61E8-4804-8430-A18E84C02BD7}.Release|Any CPU.Build.0 = Release|Any CPU
		{D4134163-7A5A-4836-A7B8-9C43DA2952F7}.Debug|Any CPU.ActiveCfg = Debug|Any CPU
		{D4134163-7A5A-4836-A7B8-9C43DA2952F7}.Debug|Any CPU.Build.0 = Debug|Any CPU
		{D4134163-7A5A-4836-A7B8-9C43DA2952F7}.Release|Any CPU.ActiveCfg = Release|Any CPU
		{D4134163-7A5A-4836-A7B8-9C43DA2952F7}.Release|Any CPU.Build.0 = Release|Any CPU
	EndGlobalSection
	GlobalSection(SolutionProperties) = preSolution
		HideSolutionNode = FALSE
	EndGlobalSection
	GlobalSection(NestedProjects) = preSolution
		{464A9B72-67FA-4FFA-A254-8B86851CDDE2} = {371362FC-068F-4C30-8981-60F8C0E43BDC}
		{11ECBF35-567E-40AD-AD55-F3388571048A} = {A3B5480A-8075-414E-965E-755862BE01D0}
		{32076883-A3BD-4191-9324-13BC5A31F933} = {2300735B-2BE0-4737-B9F3-DFA85C9D0CD0}
		{9ED39E37-DF03-45E6-B57C-CFA11044F496} = {2300735B-2BE0-4737-B9F3-DFA85C9D0CD0}
		{0B144A9C-7F39-4EA2-B904-C822004A4FBA} = {0D31B0F2-D2A9-4AED-BBC9-9992889E5AB9}
		{5D070A02-7D7E-4908-896B-0350DBAA547C} = {0D31B0F2-D2A9-4AED-BBC9-9992889E5AB9}
		{7A65DA24-77B8-447B-924D-DDCE52A04D09} = {5CCD03DF-F693-492C-9DDF-5C431C69A07F}
		{B8718247-61E8-4804-8430-A18E84C02BD7} = {5CCD03DF-F693-492C-9DDF-5C431C69A07F}
		{D4134163-7A5A-4836-A7B8-9C43DA2952F7} = {371362FC-068F-4C30-8981-60F8C0E43BDC}
		{7576EA01-545F-49FB-AC6B-B6162E0AA65E} = {0259CE3D-1A1F-4468-AFC8-ED34A44AF032}
		{D957999B-6478-474A-8B3E-D74F130B692B} = {0259CE3D-1A1F-4468-AFC8-ED34A44AF032}
		{A3B5480A-8075-414E-965E-755862BE01D0} = {0259CE3D-1A1F-4468-AFC8-ED34A44AF032}
		{5CCD03DF-F693-492C-9DDF-5C431C69A07F} = {F1394F43-6125-4004-8080-A8F28FB30C64}
		{40A04389-5807-4BB2-95FC-3D79FA72022B} = {0259CE3D-1A1F-4468-AFC8-ED34A44AF032}
		{3B7DC79A-A70D-4C55-9926-1422A2704932} = {0259CE3D-1A1F-4468-AFC8-ED34A44AF032}
		{D1B16FE7-62D0-41F0-AAA5-030D221BB65A} = {0C2BC1D2-9487-4B8B-87C7-973B1CBEBBF2}
		{BA03E7FF-539C-480A-8DCA-15875E1FFE9C} = {0C2BC1D2-9487-4B8B-87C7-973B1CBEBBF2}
	EndGlobalSection
EndGlobal
